// !$*UTF8*$!
{
	archiveVersion = 1;
	classes = {
	};
	objectVersion = 50;
	objects = {

/* Begin PBXBuildFile section */
		01A344792406AF3B00C5D58E /* AppDelegate.swift in Sources */ = {isa = PBXBuildFile; fileRef = 01A344782406AF3B00C5D58E /* AppDelegate.swift */; };
		01A3447B2406AF3B00C5D58E /* SceneDelegate.swift in Sources */ = {isa = PBXBuildFile; fileRef = 01A3447A2406AF3B00C5D58E /* SceneDelegate.swift */; };
		01A344802406AF3B00C5D58E /* Main.storyboard in Resources */ = {isa = PBXBuildFile; fileRef = 01A3447E2406AF3B00C5D58E /* Main.storyboard */; };
		01A344822406AF3B00C5D58E /* Assets.xcassets in Resources */ = {isa = PBXBuildFile; fileRef = 01A344812406AF3B00C5D58E /* Assets.xcassets */; };
		01A344852406AF3B00C5D58E /* LaunchScreen.storyboard in Resources */ = {isa = PBXBuildFile; fileRef = 01A344832406AF3B00C5D58E /* LaunchScreen.storyboard */; };
		01A3448D2406AFEC00C5D58E /* TrackList.swift in Sources */ = {isa = PBXBuildFile; fileRef = 01A3448C2406AFEC00C5D58E /* TrackList.swift */; };
		01A3448F2406BBF800C5D58E /* DetailVC.swift in Sources */ = {isa = PBXBuildFile; fileRef = 01A3448E2406BBF800C5D58E /* DetailVC.swift */; };
/* End PBXBuildFile section */

/* Begin PBXFileReference section */
		01A344752406AF3B00C5D58E /* test 4.app */ = {isa = PBXFileReference; explicitFileType = wrapper.application; includeInIndex = 0; path = "test 4.app"; sourceTree = BUILT_PRODUCTS_DIR; };
		01A344782406AF3B00C5D58E /* AppDelegate.swift */ = {isa = PBXFileReference; lastKnownFileType = sourcecode.swift; path = AppDelegate.swift; sourceTree = "<group>"; };
		01A3447A2406AF3B00C5D58E /* SceneDelegate.swift */ = {isa = PBXFileReference; lastKnownFileType = sourcecode.swift; path = SceneDelegate.swift; sourceTree = "<group>"; };
		01A3447F2406AF3B00C5D58E /* Base */ = {isa = PBXFileReference; lastKnownFileType = file.storyboard; name = Base; path = Base.lproj/Main.storyboard; sourceTree = "<group>"; };
		01A344812406AF3B00C5D58E /* Assets.xcassets */ = {isa = PBXFileReference; lastKnownFileType = folder.assetcatalog; path = Assets.xcassets; sourceTree = "<group>"; };
		01A344842406AF3B00C5D58E /* Base */ = {isa = PBXFileReference; lastKnownFileType = file.storyboard; name = Base; path = Base.lproj/LaunchScreen.storyboard; sourceTree = "<group>"; };
		01A344862406AF3B00C5D58E /* Info.plist */ = {isa = PBXFileReference; lastKnownFileType = text.plist.xml; path = Info.plist; sourceTree = "<group>"; };
		01A3448C2406AFEC00C5D58E /* TrackList.swift */ = {isa = PBXFileReference; lastKnownFileType = sourcecode.swift; path = TrackList.swift; sourceTree = "<group>"; };
		01A3448E2406BBF800C5D58E /* DetailVC.swift */ = {isa = PBXFileReference; lastKnownFileType = sourcecode.swift; path = DetailVC.swift; sourceTree = "<group>"; };
/* End PBXFileReference section */

/* Begin PBXFrameworksBuildPhase section */
		01A344722406AF3B00C5D58E /* Frameworks */ = {
			isa = PBXFrameworksBuildPhase;
			buildActionMask = 2147483647;
			files = (
			);
			runOnlyForDeploymentPostprocessing = 0;
		};
/* End PBXFrameworksBuildPhase section */

/* Begin PBXGroup section */
		01A3446C2406AF3A00C5D58E = {
			isa = PBXGroup;
			children = (
				01A344772406AF3B00C5D58E /* test 4 */,
				01A344762406AF3B00C5D58E /* Products */,
			);
			sourceTree = "<group>";
		};
		01A344762406AF3B00C5D58E /* Products */ = {
			isa = PBXGroup;
			children = (
				01A344752406AF3B00C5D58E /* test 4.app */,
			);
			name = Products;
			sourceTree = "<group>";
		};
		01A344772406AF3B00C5D58E /* test 4 */ = {
			isa = PBXGroup;
			children = (
				01A344782406AF3B00C5D58E /* AppDelegate.swift */,
				01A3447A2406AF3B00C5D58E /* SceneDelegate.swift */,
				01A3448C2406AFEC00C5D58E /* TrackList.swift */,
				01A3448E2406BBF800C5D58E /* DetailVC.swift */,
				01A3447E2406AF3B00C5D58E /* Main.storyboard */,
				01A344812406AF3B00C5D58E /* Assets.xcassets */,
				01A344832406AF3B00C5D58E /* LaunchScreen.storyboard */,
				01A344862406AF3B00C5D58E /* Info.plist */,
			);
			path = "test 4";
			sourceTree = "<group>";
		};
/* End PBXGroup section */

/* Begin PBXNativeTarget section */
		01A344742406AF3B00C5D58E /* test 4 */ = {
			isa = PBXNativeTarget;
			buildConfigurationList = 01A344892406AF3B00C5D58E /* Build configuration list for PBXNativeTarget "test 4" */;
			buildPhases = (
				01A344712406AF3B00C5D58E /* Sources */,
				01A344722406AF3B00C5D58E /* Frameworks */,
				01A344732406AF3B00C5D58E /* Resources */,
			);
			buildRules = (
			);
			dependencies = (
			);
			name = "test 4";
			productName = "test 4";
			productReference = 01A344752406AF3B00C5D58E /* test 4.app */;
			productType = "com.apple.product-type.application";
		};
/* End PBXNativeTarget section */

/* Begin PBXProject section */
		01A3446D2406AF3A00C5D58E /* Project object */ = {
			isa = PBXProject;
			attributes = {
				LastSwiftUpdateCheck = 1130;
				LastUpgradeCheck = 1130;
				ORGANIZATIONNAME = "Mykola Buhaiov";
				TargetAttributes = {
					01A344742406AF3B00C5D58E = {
						CreatedOnToolsVersion = 11.3.1;
					};
				};
			};
			buildConfigurationList = 01A344702406AF3A00C5D58E /* Build configuration list for PBXProject "test 4" */;
			compatibilityVersion = "Xcode 9.3";
			developmentRegion = en;
			hasScannedForEncodings = 0;
			knownRegions = (
				en,
				Base,
			);
			mainGroup = 01A3446C2406AF3A00C5D58E;
			productRefGroup = 01A344762406AF3B00C5D58E /* Products */;
			projectDirPath = "";
			projectRoot = "";
			targets = (
				01A344742406AF3B00C5D58E /* test 4 */,
			);
		};
/* End PBXProject section */

/* Begin PBXResourcesBuildPhase section */
		01A344732406AF3B00C5D58E /* Resources */ = {
			isa = PBXResourcesBuildPhase;
			buildActionMask = 2147483647;
			files = (
				01A344852406AF3B00C5D58E /* LaunchScreen.storyboard in Resources */,
				01A344822406AF3B00C5D58E /* Assets.xcassets in Resources */,
				01A344802406AF3B00C5D58E /* Main.storyboard in Resources */,
			);
			runOnlyForDeploymentPostprocessing = 0;
		};
/* End PBXResourcesBuildPhase section */

/* Begin PBXSourcesBuildPhase section */
		01A344712406AF3B00C5D58E /* Sources */ = {
			isa = PBXSourcesBuildPhase;
			buildActionMask = 2147483647;
			files = (
				01A3448D2406AFEC00C5D58E /* TrackList.swift in Sources */,
				01A3448F2406BBF800C5D58E /* DetailVC.swift in Sources */,
				01A344792406AF3B00C5D58E /* AppDelegate.swift in Sources */,
				01A3447B2406AF3B00C5D58E /* SceneDelegate.swift in Sources */,
			);
			runOnlyForDeploymentPostprocessing = 0;
		};
/* End PBXSourcesBuildPhase section */

/* Begin PBXVariantGroup section */
		01A3447E2406AF3B00C5D58E /* Main.storyboard */ = {
			isa = PBXVariantGroup;
			children = (
				01A3447F2406AF3B00C5D58E /* Base */,
			);
			name = Main.storyboard;
			sourceTree = "<group>";
		};
		01A344832406AF3B00C5D58E /* LaunchScreen.storyboard */ = {
			isa = PBXVariantGroup;
			children = (
				01A344842406AF3B00C5D58E /* Base */,
			);
			name = LaunchScreen.storyboard;
			sourceTree = "<group>";
		};
/* End PBXVariantGroup section */

/* Begin XCBuildConfiguration section */
		01A344872406AF3B00C5D58E /* Debug */ = {
			isa = XCBuildConfiguration;
			buildSettings = {
				ALWAYS_SEARCH_USER_PATHS = NO;
				CLANG_ANALYZER_NONNULL = YES;
				CLANG_ANALYZER_NUMBER_OBJECT_CONVERSION = YES_AGGRESSIVE;
				CLANG_CXX_LANGUAGE_STANDARD = "gnu++14";
				CLANG_CXX_LIBRARY = "libc++";
				CLANG_ENABLE_MODULES = YES;
				CLANG_ENABLE_OBJC_ARC = YES;
				CLANG_ENABLE_OBJC_WEAK = YES;
				CLANG_WARN_BLOCK_CAPTURE_AUTORELEASING = YES;
				CLANG_WARN_BOOL_CONVERSION = YES;
				CLANG_WARN_COMMA = YES;
				CLANG_WARN_CONSTANT_CONVERSION = YES;
				CLANG_WARN_DEPRECATED_OBJC_IMPLEMENTATIONS = YES;
				CLANG_WARN_DIRECT_OBJC_ISA_USAGE = YES_ERROR;
				CLANG_WARN_DOCUMENTATION_COMMENTS = YES;
				CLANG_WARN_EMPTY_BODY = YES;
				CLANG_WARN_ENUM_CONVERSION = YES;
				CLANG_WARN_INFINITE_RECURSION = YES;
				CLANG_WARN_INT_CONVERSION = YES;
				CLANG_WARN_NON_LITERAL_NULL_CONVERSION = YES;
				CLANG_WARN_OBJC_IMPLICIT_RETAIN_SELF = YES;
				CLANG_WARN_OBJC_LITERAL_CONVERSION = YES;
				CLANG_WARN_OBJC_ROOT_CLASS = YES_ERROR;
				CLANG_WARN_RANGE_LOOP_ANALYSIS = YES;
				CLANG_WARN_STRICT_PROTOTYPES = YES;
				CLANG_WARN_SUSPICIOUS_MOVE = YES;
				CLANG_WARN_UNGUARDED_AVAILABILITY = YES_AGGRESSIVE;
				CLANG_WARN_UNREACHABLE_CODE = YES;
				CLANG_WARN__DUPLICATE_METHOD_MATCH = YES;
				COPY_PHASE_STRIP = NO;
				DEBUG_INFORMATION_FORMAT = dwarf;
				ENABLE_STRICT_OBJC_MSGSEND = YES;
				ENABLE_TESTABILITY = YES;
				GCC_C_LANGUAGE_STANDARD = gnu11;
				GCC_DYNAMIC_NO_PIC = NO;
				GCC_NO_COMMON_BLOCKS = YES;
				GCC_OPTIMIZATION_LEVEL = 0;
				GCC_PREPROCESSOR_DEFINITIONS = (
					"DEBUG=1",
					"$(inherited)",
				);
				GCC_WARN_64_TO_32_BIT_CONVERSION = YES;
				GCC_WARN_ABOUT_RETURN_TYPE = YES_ERROR;
				GCC_WARN_UNDECLARED_SELECTOR = YES;
				GCC_WARN_UNINITIALIZED_AUTOS = YES_AGGRESSIVE;
				GCC_WARN_UNUSED_FUNCTION = YES;
				GCC_WARN_UNUSED_VARIABLE = YES;
				IPHONEOS_DEPLOYMENT_TARGET = 13.2;
				MTL_ENABLE_DEBUG_INFO = INCLUDE_SOURCE;
				MTL_FAST_MATH = YES;
				ONLY_ACTIVE_ARCH = YES;
				SDKROOT = iphoneos;
				SWIFT_ACTIVE_COMPILATION_CONDITIONS = DEBUG;
				SWIFT_OPTIMIZATION_LEVEL = "-Onone";
			};
			name = Debug;
		};
		01A344882406AF3B00C5D58E /* Release */ = {
			isa = XCBuildConfiguration;
			buildSettings = {
				ALWAYS_SEARCH_USER_PATHS = NO;
				CLANG_ANALYZER_NONNULL = YES;
				CLANG_ANALYZER_NUMBER_OBJECT_CONVERSION = YES_AGGRESSIVE;
				CLANG_CXX_LANGUAGE_STANDARD = "gnu++14";
				CLANG_CXX_LIBRARY = "libc++";
				CLANG_ENABLE_MODULES = YES;
				CLANG_ENABLE_OBJC_ARC = YES;
				CLANG_ENABLE_OBJC_WEAK = YES;
				CLANG_WARN_BLOCK_CAPTURE_AUTORELEASING = YES;
				CLANG_WARN_BOOL_CONVERSION = YES;
				CLANG_WARN_COMMA = YES;
				CLANG_WARN_CONSTANT_CONVERSION = YES;
				CLANG_WARN_DEPRECATED_OBJC_IMPLEMENTATIONS = YES;
				CLANG_WARN_DIRECT_OBJC_ISA_USAGE = YES_ERROR;
				CLANG_WARN_DOCUMENTATION_COMMENTS = YES;
				CLANG_WARN_EMPTY_BODY = YES;
				CLANG_WARN_ENUM_CONVERSION = YES;
				CLANG_WARN_INFINITE_RECURSION = YES;
				CLANG_WARN_INT_CONVERSION = YES;
				CLANG_WARN_NON_LITERAL_NULL_CONVERSION = YES;
				CLANG_WARN_OBJC_IMPLICIT_RETAIN_SELF = YES;
				CLANG_WARN_OBJC_LITERAL_CONVERSION = YES;
				CLANG_WARN_OBJC_ROOT_CLASS = YES_ERROR;
				CLANG_WARN_RANGE_LOOP_ANALYSIS = YES;
				CLANG_WARN_STRICT_PROTOTYPES = YES;
				CLANG_WARN_SUSPICIOUS_MOVE = YES;
				CLANG_WARN_UNGUARDED_AVAILABILITY = YES_AGGRESSIVE;
				CLANG_WARN_UNREACHABLE_CODE = YES;
				CLANG_WARN__DUPLICATE_METHOD_MATCH = YES;
				COPY_PHASE_STRIP = NO;
				DEBUG_INFORMATION_FORMAT = "dwarf-with-dsym";
				ENABLE_NS_ASSERTIONS = NO;
				ENABLE_STRICT_OBJC_MSGSEND = YES;
				GCC_C_LANGUAGE_STANDARD = gnu11;
				GCC_NO_COMMON_BLOCKS = YES;
				GCC_WARN_64_TO_32_BIT_CONVERSION = YES;
				GCC_WARN_ABOUT_RETURN_TYPE = YES_ERROR;
				GCC_WARN_UNDECLARED_SELECTOR = YES;
				GCC_WARN_UNINITIALIZED_AUTOS = YES_AGGRESSIVE;
				GCC_WARN_UNUSED_FUNCTION = YES;
				GCC_WARN_UNUSED_VARIABLE = YES;
				IPHONEOS_DEPLOYMENT_TARGET = 13.2;
				MTL_ENABLE_DEBUG_INFO = NO;
				MTL_FAST_MATH = YES;
				SDKROOT = iphoneos;
				SWIFT_COMPILATION_MODE = wholemodule;
				SWIFT_OPTIMIZATION_LEVEL = "-O";
				VALIDATE_PRODUCT = YES;
			};
			name = Release;
		};
		01A3448A2406AF3B00C5D58E /* Debug */ = {
			isa = XCBuildConfiguration;
			buildSettings = {
				ASSETCATALOG_COMPILER_APPICON_NAME = AppIcon;
				CODE_SIGN_STYLE = Automatic;
				DEVELOPMENT_TEAM = K953GCP3L6;
				INFOPLIST_FILE = "test 4/Info.plist";
				LD_RUNPATH_SEARCH_PATHS = (
					"$(inherited)",
					"@executable_path/Frameworks",
				);
				PRODUCT_BUNDLE_IDENTIFIER = "com.gulivero1773.test-4";
				PRODUCT_NAME = "$(TARGET_NAME)";
				SWIFT_VERSION = 5.0;
				TARGETED_DEVICE_FAMILY = "1,2";
			};
			name = Debug;
		};
		01A3448B2406AF3B00C5D58E /* Release */ = {
			isa = XCBuildConfiguration;
			buildSettings = {
				ASSETCATALOG_COMPILER_APPICON_NAME = AppIcon;
				CODE_SIGN_STYLE = Automatic;
				DEVELOPMENT_TEAM = K953GCP3L6;
				INFOPLIST_FILE = "test 4/Info.plist";
				LD_RUNPATH_SEARCH_PATHS = (
					"$(inherited)",
					"@executable_path/Frameworks",
				);
				PRODUCT_BUNDLE_IDENTIFIER = "com.gulivero1773.test-4";
				PRODUCT_NAME = "$(TARGET_NAME)";
				SWIFT_VERSION = 5.0;
				TARGETED_DEVICE_FAMILY = "1,2";
			};
			name = Release;
		};
/* End XCBuildConfiguration section */

/* Begin XCConfigurationList section */
		01A344702406AF3A00C5D58E /* Build configuration list for PBXProject "test 4" */ = {
			isa = XCConfigurationList;
			buildConfigurations = (
				01A344872406AF3B00C5D58E /* Debug */,
				01A344882406AF3B00C5D58E /* Release */,
			);
			defaultConfigurationIsVisible = 0;
			defaultConfigurationName = Release;
		};
		01A344892406AF3B00C5D58E /* Build configuration list for PBXNativeTarget "test 4" */ = {
			isa = XCConfigurationList;
			buildConfigurations = (
				01A3448A2406AF3B00C5D58E /* Debug */,
				01A3448B2406AF3B00C5D58E /* Release */,
			);
			defaultConfigurationIsVisible = 0;
			defaultConfigurationName = Release;
		};
/* End XCConfigurationList section */
	};
	rootObject = 01A3446D2406AF3A00C5D58E /* Project object */;
}
