// !$*UTF8*$!
{
	archiveVersion = 1;
	classes = {
	};
	objectVersion = 52;
	objects = {

/* Begin PBXBuildFile section */
		A59CFE72217E4128003E5559 /* AppDelegate.swift in Sources */ = {isa = PBXBuildFile; fileRef = A59CFE71217E4128003E5559 /* AppDelegate.swift */; };
		A59CFE74217E4128003E5559 /* ViewController.swift in Sources */ = {isa = PBXBuildFile; fileRef = A59CFE73217E4128003E5559 /* ViewController.swift */; };
		A59CFE77217E4128003E5559 /* Main.storyboard in Resources */ = {isa = PBXBuildFile; fileRef = A59CFE75217E4128003E5559 /* Main.storyboard */; };
		A59CFE7A217E4128003E5559 /* Bow_Ties.xcdatamodeld in Sources */ = {isa = PBXBuildFile; fileRef = A59CFE78217E4128003E5559 /* Bow_Ties.xcdatamodeld */; };
		A59CFE7C217E4129003E5559 /* Assets.xcassets in Resources */ = {isa = PBXBuildFile; fileRef = A59CFE7B217E4129003E5559 /* Assets.xcassets */; };
		A59CFE7F217E4129003E5559 /* LaunchScreen.storyboard in Resources */ = {isa = PBXBuildFile; fileRef = A59CFE7D217E4129003E5559 /* LaunchScreen.storyboard */; };
		A59CFE87217E47A9003E5559 /* SampleData.plist in Resources */ = {isa = PBXBuildFile; fileRef = A59CFE86217E47A9003E5559 /* SampleData.plist */; };
		A59CFE8A21803421003E5559 /* Bowtie+CoreDataClass.swift in Sources */ = {isa = PBXBuildFile; fileRef = A59CFE8821803421003E5559 /* Bowtie+CoreDataClass.swift */; };
		A59CFE8B21803421003E5559 /* Bowtie+CoreDataProperties.swift in Sources */ = {isa = PBXBuildFile; fileRef = A59CFE8921803421003E5559 /* Bowtie+CoreDataProperties.swift */; };
/* End PBXBuildFile section */

/* Begin PBXFileReference section */
		A59CFE6E217E4128003E5559 /* Bow Ties.app */ = {isa = PBXFileReference; explicitFileType = wrapper.application; includeInIndex = 0; path = "Bow Ties.app"; sourceTree = BUILT_PRODUCTS_DIR; };
		A59CFE71217E4128003E5559 /* AppDelegate.swift */ = {isa = PBXFileReference; lastKnownFileType = sourcecode.swift; path = AppDelegate.swift; sourceTree = "<group>"; };
		A59CFE73217E4128003E5559 /* ViewController.swift */ = {isa = PBXFileReference; lastKnownFileType = sourcecode.swift; path = ViewController.swift; sourceTree = "<group>"; };
		A59CFE76217E4128003E5559 /* Base */ = {isa = PBXFileReference; lastKnownFileType = file.storyboard; name = Base; path = Base.lproj/Main.storyboard; sourceTree = "<group>"; };
		A59CFE79217E4128003E5559 /* Bow_Ties.xcdatamodel */ = {isa = PBXFileReference; lastKnownFileType = wrapper.xcdatamodel; path = Bow_Ties.xcdatamodel; sourceTree = "<group>"; };
		A59CFE7B217E4129003E5559 /* Assets.xcassets */ = {isa = PBXFileReference; lastKnownFileType = folder.assetcatalog; path = Assets.xcassets; sourceTree = "<group>"; };
		A59CFE7E217E4129003E5559 /* Base */ = {isa = PBXFileReference; lastKnownFileType = file.storyboard; name = Base; path = Base.lproj/LaunchScreen.storyboard; sourceTree = "<group>"; };
		A59CFE80217E4129003E5559 /* Info.plist */ = {isa = PBXFileReference; lastKnownFileType = text.plist.xml; path = Info.plist; sourceTree = "<group>"; };
		A59CFE86217E47A9003E5559 /* SampleData.plist */ = {isa = PBXFileReference; fileEncoding = 4; lastKnownFileType = text.plist.xml; path = SampleData.plist; sourceTree = "<group>"; };
		A59CFE8821803421003E5559 /* Bowtie+CoreDataClass.swift */ = {isa = PBXFileReference; lastKnownFileType = sourcecode.swift; path = "Bowtie+CoreDataClass.swift"; sourceTree = "<group>"; };
		A59CFE8921803421003E5559 /* Bowtie+CoreDataProperties.swift */ = {isa = PBXFileReference; lastKnownFileType = sourcecode.swift; path = "Bowtie+CoreDataProperties.swift"; sourceTree = "<group>"; };
/* End PBXFileReference section */

/* Begin PBXFrameworksBuildPhase section */
		A59CFE6B217E4128003E5559 /* Frameworks */ = {
			isa = PBXFrameworksBuildPhase;
			buildActionMask = 2147483647;
			files = (
			);
			runOnlyForDeploymentPostprocessing = 0;
		};
/* End PBXFrameworksBuildPhase section */

/* Begin PBXGroup section */
		A59CFE65217E4128003E5559 = {
			isa = PBXGroup;
			children = (
				A59CFE8821803421003E5559 /* Bowtie+CoreDataClass.swift */,
				A59CFE8921803421003E5559 /* Bowtie+CoreDataProperties.swift */,
				A59CFE70217E4128003E5559 /* Bow Ties */,
				A59CFE6F217E4128003E5559 /* Products */,
			);
			sourceTree = "<group>";
		};
		A59CFE6F217E4128003E5559 /* Products */ = {
			isa = PBXGroup;
			children = (
				A59CFE6E217E4128003E5559 /* Bow Ties.app */,
			);
			name = Products;
			sourceTree = "<group>";
		};
		A59CFE70217E4128003E5559 /* Bow Ties */ = {
			isa = PBXGroup;
			children = (
				A59CFE71217E4128003E5559 /* AppDelegate.swift */,
				A59CFE73217E4128003E5559 /* ViewController.swift */,
				A59CFE75217E4128003E5559 /* Main.storyboard */,
				A59CFE7B217E4129003E5559 /* Assets.xcassets */,
				A59CFE7D217E4129003E5559 /* LaunchScreen.storyboard */,
				A59CFE80217E4129003E5559 /* Info.plist */,
				A59CFE86217E47A9003E5559 /* SampleData.plist */,
				A59CFE78217E4128003E5559 /* Bow_Ties.xcdatamodeld */,
			);
			path = "Bow Ties";
			sourceTree = "<group>";
		};
/* End PBXGroup section */

/* Begin PBXNativeTarget section */
		A59CFE6D217E4128003E5559 /* Bow Ties */ = {
			isa = PBXNativeTarget;
			buildConfigurationList = A59CFE83217E4129003E5559 /* Build configuration list for PBXNativeTarget "Bow Ties" */;
			buildPhases = (
				A59CFE6A217E4128003E5559 /* Sources */,
				A59CFE6B217E4128003E5559 /* Frameworks */,
				A59CFE6C217E4128003E5559 /* Resources */,
			);
			buildRules = (
			);
			dependencies = (
			);
			name = "Bow Ties";
			productName = "Bow Ties";
			productReference = A59CFE6E217E4128003E5559 /* Bow Ties.app */;
			productType = "com.apple.product-type.application";
		};
/* End PBXNativeTarget section */

/* Begin PBXProject section */
		A59CFE66217E4128003E5559 /* Project object */ = {
			isa = PBXProject;
			attributes = {
				LastSwiftUpdateCheck = 1000;
				LastUpgradeCheck = 1000;
				ORGANIZATIONNAME = Mykola;
				TargetAttributes = {
					A59CFE6D217E4128003E5559 = {
						CreatedOnToolsVersion = 10.0;
						LastSwiftMigration = 1130;
					};
				};
			};
			buildConfigurationList = A59CFE69217E4128003E5559 /* Build configuration list for PBXProject "Bow Ties" */;
			compatibilityVersion = "Xcode 11.0";
			developmentRegion = en;
			hasScannedForEncodings = 0;
			knownRegions = (
				en,
				Base,
			);
			mainGroup = A59CFE65217E4128003E5559;
			productRefGroup = A59CFE6F217E4128003E5559 /* Products */;
			projectDirPath = "";
			projectRoot = "";
			targets = (
				A59CFE6D217E4128003E5559 /* Bow Ties */,
			);
		};
/* End PBXProject section */

/* Begin PBXResourcesBuildPhase section */
		A59CFE6C217E4128003E5559 /* Resources */ = {
			isa = PBXResourcesBuildPhase;
			buildActionMask = 2147483647;
			files = (
				A59CFE7F217E4129003E5559 /* LaunchScreen.storyboard in Resources */,
				A59CFE7C217E4129003E5559 /* Assets.xcassets in Resources */,
				A59CFE87217E47A9003E5559 /* SampleData.plist in Resources */,
				A59CFE77217E4128003E5559 /* Main.storyboard in Resources */,
			);
			runOnlyForDeploymentPostprocessing = 0;
		};
/* End PBXResourcesBuildPhase section */

/* Begin PBXSourcesBuildPhase section */
		A59CFE6A217E4128003E5559 /* Sources */ = {
			isa = PBXSourcesBuildPhase;
			buildActionMask = 2147483647;
			files = (
				A59CFE7A217E4128003E5559 /* Bow_Ties.xcdatamodeld in Sources */,
				A59CFE74217E4128003E5559 /* ViewController.swift in Sources */,
				A59CFE72217E4128003E5559 /* AppDelegate.swift in Sources */,
				A59CFE8A21803421003E5559 /* Bowtie+CoreDataClass.swift in Sources */,
				A59CFE8B21803421003E5559 /* Bowtie+CoreDataProperties.swift in Sources */,
			);
			runOnlyForDeploymentPostprocessing = 0;
		};
/* End PBXSourcesBuildPhase section */

/* Begin PBXVariantGroup section */
		A59CFE75217E4128003E5559 /* Main.storyboard */ = {
			isa = PBXVariantGroup;
			children = (
				A59CFE76217E4128003E5559 /* Base */,
			);
			name = Main.storyboard;
			sourceTree = "<group>";
		};
		A59CFE7D217E4129003E5559 /* LaunchScreen.storyboard */ = {
			isa = PBXVariantGroup;
			children = (
				A59CFE7E217E4129003E5559 /* Base */,
			);
			name = LaunchScreen.storyboard;
			sourceTree = "<group>";
		};
/* End PBXVariantGroup section */

/* Begin XCBuildConfiguration section */
		A59CFE81217E4129003E5559 /* Debug */ = {
			isa = XCBuildConfiguration;
			buildSettings = {
				ALWAYS_SEARCH_USER_PATHS = NO;
				CLANG_ANALYZER_NONNULL = YES;
				CLANG_ANALYZER_NUMBER_OBJECT_CONVERSION = YES_AGGRESSIVE;
				CLANG_CXX_LANGUAGE_STANDARD = "gnu++14";
				CLANG_CXX_LIBRARY = "libc++";
				CLANG_ENABLE_MODULES = YES;
				CLANG_ENABLE_OBJC_ARC = YES;
				CLANG_ENABLE_OBJC_WEAK = YES;
				CLANG_WARN_BLOCK_CAPTURE_AUTORELEASING = YES;
				CLANG_WARN_BOOL_CONVERSION = YES;
				CLANG_WARN_COMMA = YES;
				CLANG_WARN_CONSTANT_CONVERSION = YES;
				CLANG_WARN_DEPRECATED_OBJC_IMPLEMENTATIONS = YES;
				CLANG_WARN_DIRECT_OBJC_ISA_USAGE = YES_ERROR;
				CLANG_WARN_DOCUMENTATION_COMMENTS = YES;
				CLANG_WARN_EMPTY_BODY = YES;
				CLANG_WARN_ENUM_CONVERSION = YES;
				CLANG_WARN_INFINITE_RECURSION = YES;
				CLANG_WARN_INT_CONVERSION = YES;
				CLANG_WARN_NON_LITERAL_NULL_CONVERSION = YES;
				CLANG_WARN_OBJC_IMPLICIT_RETAIN_SELF = YES;
				CLANG_WARN_OBJC_LITERAL_CONVERSION = YES;
				CLANG_WARN_OBJC_ROOT_CLASS = YES_ERROR;
				CLANG_WARN_RANGE_LOOP_ANALYSIS = YES;
				CLANG_WARN_STRICT_PROTOTYPES = YES;
				CLANG_WARN_SUSPICIOUS_MOVE = YES;
				CLANG_WARN_UNGUARDED_AVAILABILITY = YES_AGGRESSIVE;
				CLANG_WARN_UNREACHABLE_CODE = YES;
				CLANG_WARN__DUPLICATE_METHOD_MATCH = YES;
				CODE_SIGN_IDENTITY = "iPhone Developer";
				COPY_PHASE_STRIP = NO;
				DEBUG_INFORMATION_FORMAT = dwarf;
				ENABLE_STRICT_OBJC_MSGSEND = YES;
				ENABLE_TESTABILITY = YES;
				GCC_C_LANGUAGE_STANDARD = gnu11;
				GCC_DYNAMIC_NO_PIC = NO;
				GCC_NO_COMMON_BLOCKS = YES;
				GCC_OPTIMIZATION_LEVEL = 0;
				GCC_PREPROCESSOR_DEFINITIONS = (
					"DEBUG=1",
					"$(inherited)",
				);
				GCC_WARN_64_TO_32_BIT_CONVERSION = YES;
				GCC_WARN_ABOUT_RETURN_TYPE = YES_ERROR;
				GCC_WARN_UNDECLARED_SELECTOR = YES;
				GCC_WARN_UNINITIALIZED_AUTOS = YES_AGGRESSIVE;
				GCC_WARN_UNUSED_FUNCTION = YES;
				GCC_WARN_UNUSED_VARIABLE = YES;
				IPHONEOS_DEPLOYMENT_TARGET = 12.0;
				MTL_ENABLE_DEBUG_INFO = INCLUDE_SOURCE;
				MTL_FAST_MATH = YES;
				ONLY_ACTIVE_ARCH = YES;
				SDKROOT = iphoneos;
				SWIFT_ACTIVE_COMPILATION_CONDITIONS = DEBUG;
				SWIFT_OPTIMIZATION_LEVEL = "-Onone";
			};
			name = Debug;
		};
		A59CFE82217E4129003E5559 /* Release */ = {
			isa = XCBuildConfiguration;
			buildSettings = {
				ALWAYS_SEARCH_USER_PATHS = NO;
				CLANG_ANALYZER_NONNULL = YES;
				CLANG_ANALYZER_NUMBER_OBJECT_CONVERSION = YES_AGGRESSIVE;
				CLANG_CXX_LANGUAGE_STANDARD = "gnu++14";
				CLANG_CXX_LIBRARY = "libc++";
				CLANG_ENABLE_MODULES = YES;
				CLANG_ENABLE_OBJC_ARC = YES;
				CLANG_ENABLE_OBJC_WEAK = YES;
				CLANG_WARN_BLOCK_CAPTURE_AUTORELEASING = YES;
				CLANG_WARN_BOOL_CONVERSION = YES;
				CLANG_WARN_COMMA = YES;
				CLANG_WARN_CONSTANT_CONVERSION = YES;
				CLANG_WARN_DEPRECATED_OBJC_IMPLEMENTATIONS = YES;
				CLANG_WARN_DIRECT_OBJC_ISA_USAGE = YES_ERROR;
				CLANG_WARN_DOCUMENTATION_COMMENTS = YES;
				CLANG_WARN_EMPTY_BODY = YES;
				CLANG_WARN_ENUM_CONVERSION = YES;
				CLANG_WARN_INFINITE_RECURSION = YES;
				CLANG_WARN_INT_CONVERSION = YES;
				CLANG_WARN_NON_LITERAL_NULL_CONVERSION = YES;
				CLANG_WARN_OBJC_IMPLICIT_RETAIN_SELF = YES;
				CLANG_WARN_OBJC_LITERAL_CONVERSION = YES;
				CLANG_WARN_OBJC_ROOT_CLASS = YES_ERROR;
				CLANG_WARN_RANGE_LOOP_ANALYSIS = YES;
				CLANG_WARN_STRICT_PROTOTYPES = YES;
				CLANG_WARN_SUSPICIOUS_MOVE = YES;
				CLANG_WARN_UNGUARDED_AVAILABILITY = YES_AGGRESSIVE;
				CLANG_WARN_UNREACHABLE_CODE = YES;
				CLANG_WARN__DUPLICATE_METHOD_MATCH = YES;
				CODE_SIGN_IDENTITY = "iPhone Developer";
				COPY_PHASE_STRIP = NO;
				DEBUG_INFORMATION_FORMAT = "dwarf-with-dsym";
				ENABLE_NS_ASSERTIONS = NO;
				ENABLE_STRICT_OBJC_MSGSEND = YES;
				GCC_C_LANGUAGE_STANDARD = gnu11;
				GCC_NO_COMMON_BLOCKS = YES;
				GCC_WARN_64_TO_32_BIT_CONVERSION = YES;
				GCC_WARN_ABOUT_RETURN_TYPE = YES_ERROR;
				GCC_WARN_UNDECLARED_SELECTOR = YES;
				GCC_WARN_UNINITIALIZED_AUTOS = YES_AGGRESSIVE;
				GCC_WARN_UNUSED_FUNCTION = YES;
				GCC_WARN_UNUSED_VARIABLE = YES;
				IPHONEOS_DEPLOYMENT_TARGET = 12.0;
				MTL_ENABLE_DEBUG_INFO = NO;
				MTL_FAST_MATH = YES;
				SDKROOT = iphoneos;
				SWIFT_COMPILATION_MODE = wholemodule;
				SWIFT_OPTIMIZATION_LEVEL = "-O";
				VALIDATE_PRODUCT = YES;
			};
			name = Release;
		};
		A59CFE84217E4129003E5559 /* Debug */ = {
			isa = XCBuildConfiguration;
			buildSettings = {
				ASSETCATALOG_COMPILER_APPICON_NAME = AppIcon;
				CODE_SIGN_STYLE = Automatic;
				DEVELOPMENT_TEAM = 95CZYA7J5G;
				INFOPLIST_FILE = "Bow Ties/Info.plist";
				LD_RUNPATH_SEARCH_PATHS = (
					"$(inherited)",
					"@executable_path/Frameworks",
				);
				PRODUCT_BUNDLE_IDENTIFIER = Mykola;
				PRODUCT_NAME = "$(TARGET_NAME)";
				SWIFT_VERSION = 5.0;
				TARGETED_DEVICE_FAMILY = "1,2";
			};
			name = Debug;
		};
		A59CFE85217E4129003E5559 /* Release */ = {
			isa = XCBuildConfiguration;
			buildSettings = {
				ASSETCATALOG_COMPILER_APPICON_NAME = AppIcon;
				CODE_SIGN_STYLE = Automatic;
				DEVELOPMENT_TEAM = 95CZYA7J5G;
				INFOPLIST_FILE = "Bow Ties/Info.plist";
				LD_RUNPATH_SEARCH_PATHS = (
					"$(inherited)",
					"@executable_path/Frameworks",
				);
				PRODUCT_BUNDLE_IDENTIFIER = Mykola;
				PRODUCT_NAME = "$(TARGET_NAME)";
				SWIFT_VERSION = 5.0;
				TARGETED_DEVICE_FAMILY = "1,2";
			};
			name = Release;
		};
/* End XCBuildConfiguration section */

/* Begin XCConfigurationList section */
		A59CFE69217E4128003E5559 /* Build configuration list for PBXProject "Bow Ties" */ = {
			isa = XCConfigurationList;
			buildConfigurations = (
				A59CFE81217E4129003E5559 /* Debug */,
				A59CFE82217E4129003E5559 /* Release */,
			);
			defaultConfigurationIsVisible = 0;
			defaultConfigurationName = Release;
		};
		A59CFE83217E4129003E5559 /* Build configuration list for PBXNativeTarget "Bow Ties" */ = {
			isa = XCConfigurationList;
			buildConfigurations = (
				A59CFE84217E4129003E5559 /* Debug */,
				A59CFE85217E4129003E5559 /* Release */,
			);
			defaultConfigurationIsVisible = 0;
			defaultConfigurationName = Release;
		};
/* End XCConfigurationList section */

/* Begin XCVersionGroup section */
		A59CFE78217E4128003E5559 /* Bow_Ties.xcdatamodeld */ = {
			isa = XCVersionGroup;
			children = (
				A59CFE79217E4128003E5559 /* Bow_Ties.xcdatamodel */,
			);
			currentVersion = A59CFE79217E4128003E5559 /* Bow_Ties.xcdatamodel */;
			path = Bow_Ties.xcdatamodeld;
			sourceTree = "<group>";
			versionGroupType = wrapper.xcdatamodel;
		};
/* End XCVersionGroup section */
	};
	rootObject = A59CFE66217E4128003E5559 /* Project object */;
}
